
Microsoft Visual Studio Solution File, Format Version 12.00
# Visual Studio Version 16
VisualStudioVersion = 16.0.29009.5
MinimumVisualStudioVersion = 10.0.40219.1
Project("{FAE04EC0-301F-11D3-BF4B-00C04F79EFBC}") = "DrivingLicenceApp", "DrivingLicenceApp\DrivingLicenceApp.csproj", "{45A3F1FD-96D9-4B3C-A8C2-67C22628E591}"
EndProject
Project("{FAE04EC0-301F-11D3-BF4B-00C04F79EFBC}") = "DrivingLicenceAndroidPCL", "DrivingLicenceAndroidPCL\DrivingLicenceAndroidPCL\DrivingLicenceAndroidPCL.csproj", "{611BB23E-DFDD-4209-B9B3-1107DCEA4A23}"
EndProject
Global
	GlobalSection(SolutionConfigurationPlatforms) = preSolution
		Debug|Any CPU = Debug|Any CPU
		Release|Any CPU = Release|Any CPU
	EndGlobalSection
	GlobalSection(ProjectConfigurationPlatforms) = postSolution
		{45A3F1FD-96D9-4B3C-A8C2-67C22628E591}.Debug|Any CPU.ActiveCfg = Debug|Any CPU
		{45A3F1FD-96D9-4B3C-A8C2-67C22628E591}.Debug|Any CPU.Build.0 = Debug|Any CPU
		{45A3F1FD-96D9-4B3C-A8C2-67C22628E591}.Debug|Any CPU.Deploy.0 = Debug|Any CPU
		{45A3F1FD-96D9-4B3C-A8C2-67C22628E591}.Release|Any CPU.ActiveCfg = Release|Any CPU
		{45A3F1FD-96D9-4B3C-A8C2-67C22628E591}.Release|Any CPU.Build.0 = Release|Any CPU
		{45A3F1FD-96D9-4B3C-A8C2-67C22628E591}.Release|Any CPU.Deploy.0 = Release|Any CPU
		{611BB23E-DFDD-4209-B9B3-1107DCEA4A23}.Debug|Any CPU.ActiveCfg = Debug|Any CPU
		{611BB23E-DFDD-4209-B9B3-1107DCEA4A23}.Debug|Any CPU.Build.0 = Debug|Any CPU
		{611BB23E-DFDD-4209-B9B3-1107DCEA4A23}.Release|Any CPU.ActiveCfg = Release|Any CPU
		{611BB23E-DFDD-4209-B9B3-1107DCEA4A23}.Release|Any CPU.Build.0 = Release|Any CPU
	EndGlobalSection
	GlobalSection(SolutionProperties) = preSolution
		HideSolutionNode = FALSE
	EndGlobalSection
	GlobalSection(ExtensibilityGlobals) = postSolution
		SolutionGuid = {5C102FB2-CF2B-424C-8069-45B44DF61EF5}
	EndGlobalSection
EndGlobal
